
Microsoft Visual Studio Solution File, Format Version 12.00
# Visual Studio Version 17
VisualStudioVersion = 17.8.34112.27
MinimumVisualStudioVersion = 10.0.40219.1
Project("{FAE04EC0-301F-11D3-BF4B-00C04F79EFBC}") = "AboutMe", "AboutMe\AboutMe.csproj", "{C1155D34-4CBE-481C-87C0-105EB7FECBDC}"
EndProject
Global
	GlobalSection(SolutionConfigurationPlatforms) = preSolution
		Debug|Any CPU = Debug|Any CPU
		Release|Any CPU = Release|Any CPU
	EndGlobalSection
	GlobalSection(ProjectConfigurationPlatforms) = postSolution
		{C1155D34-4CBE-481C-87C0-105EB7FECBDC}.Debug|Any CPU.ActiveCfg = Debug|Any CPU
		{C1155D34-4CBE-481C-87C0-105EB7FECBDC}.Debug|Any CPU.Build.0 = Debug|Any CPU
		{C1155D34-4CBE-481C-87C0-105EB7FECBDC}.Release|Any CPU.ActiveCfg = Release|Any CPU
		{C1155D34-4CBE-481C-87C0-105EB7FECBDC}.Release|Any CPU.Build.0 = Release|Any CPU
	EndGlobalSection
	GlobalSection(SolutionProperties) = preSolution
		HideSolutionNode = FALSE
	EndGlobalSection
	GlobalSection(ExtensibilityGlobals) = postSolution
		SolutionGuid = {5C199FD8-98D8-4619-BA84-224BC6DA5D7A}
	EndGlobalSection
EndGlobal
